# THIS IS AN AUTOGENERATED FILE. DO NOT EDIT THIS FILE DIRECTLY.
# yarn lockfile v1


"@babel/runtime@^7.14.0":
  version "7.15.4"
  resolved "https://registry.yarnpkg.com/@babel/runtime/-/runtime-7.15.4.tgz#fd17d16bfdf878e6dd02d19753a39fa8a8d9c84a"
  integrity sha512-99catp6bHCaxr4sJ/DbTGgHS4+Rs2RVd2g7iOap6SLGPDknRK9ztKNsE/Fg6QhSeh1FGE5f6gHGQmvvn3I3xhw==
  dependencies:
    regenerator-runtime "^0.13.4"

"@xstyled/core@^3.0.2":
  version "3.0.2"
  resolved "https://registry.yarnpkg.com/@xstyled/core/-/core-3.0.2.tgz#01578c65947664a80552a7180c78d3e54c5e9a3d"
  integrity sha512-+WPJ//PselaFa2C1VgTIvE4C65+Zub0T7/vSmaRmliE68lhhFwkxvCyElj/u3fmWzoDQcUECiAME+AJSv8fO7g==
  dependencies:
    "@xstyled/system" "^3.0.2"

"@xstyled/styled-components@^3.0.3":
  version "3.0.3"
  resolved "https://registry.yarnpkg.com/@xstyled/styled-components/-/styled-components-3.0.3.tgz#a872bd6ad41a43ca25547402ba429a9b645aa2ee"
  integrity sha512-Lm916dkm4EsknwdrGPpD6NXpclUw1s7F5SoBWpnFdMBlheLrxPHuiAT7kMU15j0Asf2Sqsmfh1ZAbPHK2UX+aA==
  dependencies:
    "@xstyled/core" "^3.0.2"
    "@xstyled/system" "^3.0.2"
    "@xstyled/util" "^3.0.2"

"@xstyled/system@^3.0.2":
  version "3.0.2"
  resolved "https://registry.yarnpkg.com/@xstyled/system/-/system-3.0.2.tgz#118932294394912643c6e4ade52ec5a7c299e75f"
  integrity sha512-wtYKlRxHb7jTRx5aXjCp6jlWkuBUGT3jhdyF6t9lRR3hfr0fvBsyjtUIfppccFBQWgADs9q9RflIphlksPOB+Q==
  dependencies:
    "@xstyled/util" "^3.0.2"
    csstype "^3.0.8"

"@xstyled/util@^3.0.2":
  version "3.0.2"
  resolved "https://registry.yarnpkg.com/@xstyled/util/-/util-3.0.2.tgz#97365cf80c44768ec86df82cf1e2f9a15e66c3a3"
  integrity sha512-rkfxuwyvneiTfS+V5lH8doRtvmUW2hbL02ePKIFhpzX8yQdUoeBC13T6BYUQqnwq3ASxsyoMp/tON8+N/zG0XA==

csstype@^3.0.8:
  version "3.0.9"
  resolved "https://registry.yarnpkg.com/csstype/-/csstype-3.0.9.tgz#6410af31b26bd0520933d02cbc64fce9ce3fbf0b"
  integrity sha512-rpw6JPxK6Rfg1zLOYCSwle2GFOOsnjmDYDaBwEcwoOg4qlsIVCN789VkBZDJAGi4T07gI4YSutR43t9Zz4Lzuw==

"js-tokens@^3.0.0 || ^4.0.0":
  version "4.0.0"
  resolved "https://registry.yarnpkg.com/js-tokens/-/js-tokens-4.0.0.tgz#19203fb59991df98e3a287050d4647cdeaf32499"
  integrity sha512-RdJUflcE3cUzKiMqQgsCu06FPu9UdIJO0beYbPhHN4k6apgJtifcoCtT9bcxOpYBtpD2kCM6Sbzg4CausW/PKQ==

loose-envify@^1.1.0:
  version "1.4.0"
  resolved "https://registry.yarnpkg.com/loose-envify/-/loose-envify-1.4.0.tgz#71ee51fa7be4caec1a63839f7e682d8132d30caf"
  integrity sha512-lyuxPGr/Wfhrlem2CL/UcnUc1zcqKAImBDzukY7Y5F/yQiNdko6+fRLevlw1HgMySw7f611UIY408EtxRSoK3Q==
  dependencies:
    js-tokens "^3.0.0 || ^4.0.0"

object-assign@^4.1.1:
  version "4.1.1"
  resolved "https://registry.yarnpkg.com/object-assign/-/object-assign-4.1.1.tgz#2109adc7965887cfc05cbbd442cac8bfbb360863"
  integrity sha1-IQmtx5ZYh8/AXLvUQsrIv7s2CGM=

polished@^4.1.3:
  version "4.1.3"
  resolved "https://registry.yarnpkg.com/polished/-/polished-4.1.3.tgz#7a3abf2972364e7d97770b827eec9a9e64002cfc"
  integrity sha512-ocPAcVBUOryJEKe0z2KLd1l9EBa1r5mSwlKpExmrLzsnIzJo4axsoU9O2BjOTkDGDT4mZ0WFE5XKTlR3nLnZOA==
  dependencies:
    "@babel/runtime" "^7.14.0"

react@^17.0.2:
  version "17.0.2"
  resolved "https://registry.yarnpkg.com/react/-/react-17.0.2.tgz#d0b5cc516d29eb3eee383f75b62864cfb6800037"
  integrity sha512-gnhPt75i/dq/z3/6q/0asP78D0u592D5L1pd7M8P+dck6Fu/jJeL6iVVK23fptSUZj8Vjf++7wXA8UNclGQcbA==
  dependencies:
    loose-envify "^1.1.0"
    object-assign "^4.1.1"

regenerator-runtime@^0.13.4:
  version "0.13.9"
  resolved "https://registry.yarnpkg.com/regenerator-runtime/-/regenerator-runtime-0.13.9.tgz#8925742a98ffd90814988d7566ad30ca3b263b52"
  integrity sha512-p3VT+cOEgxFsRRA9X4lkI1E+k2/CtnKtU4gcxyaCUreilL/vqI6CdZ3wxVUx3UOUg+gnUOQQcRI7BmSI656MYA==
